
Microsoft Visual Studio Solution File, Format Version 12.00
# Visual Studio Version 17
VisualStudioVersion = 17.0.31903.59
MinimumVisualStudioVersion = 10.0.40219.1
Project("{FAE04EC0-301F-11D3-BF4B-00C04F79EFBC}") = "STANWEBAPI", "STANWEBAPI\STANWEBAPI.csproj", "{D6461DD7-8A94-49CB-AE44-893E7185358A}"
EndProject
Global
	GlobalSection(SolutionConfigurationPlatforms) = preSolution
		Debug|Any CPU = Debug|Any CPU
		Release|Any CPU = Release|Any CPU
	EndGlobalSection
	GlobalSection(SolutionProperties) = preSolution
		HideSolutionNode = FALSE
	EndGlobalSection
	GlobalSection(ProjectConfigurationPlatforms) = postSolution
		{D6461DD7-8A94-49CB-AE44-893E7185358A}.Debug|Any CPU.ActiveCfg = Debug|Any CPU
		{D6461DD7-8A94-49CB-AE44-893E7185358A}.Debug|Any CPU.Build.0 = Debug|Any CPU
		{D6461DD7-8A94-49CB-AE44-893E7185358A}.Release|Any CPU.ActiveCfg = Release|Any CPU
		{D6461DD7-8A94-49CB-AE44-893E7185358A}.Release|Any CPU.Build.0 = Release|Any CPU
	EndGlobalSection
EndGlobal
